dependencies:
- name: databases
  repository: file://../databases
  version: 0.1.0
- name: rabbitmq
  repository: file://../rabbitmq
  version: 0.1.0
- name: ms-usuarios
  repository: file://../ms-usuarios
  version: 0.1.0
- name: ms-tutorias
  repository: file://../ms-tutorias
  version: 0.1.0
- name: ms-agenda
  repository: file://../ms-agenda
  version: 0.1.1
- name: ms-auth
  repository: file://../ms-auth
  version: 0.1.0
- name: ms-notificaciones
  repository: file://../ms-notificaciones
  version: 0.1.0
- name: client-mobile-sim
  repository: file://../client-mobile-sim
  version: 0.1.0
- name: tracking-dashboard
  repository: file://../tracking-dashboard
  version: 0.1.0
- name: ingress-settings
  repository: file://../ingress-settings
  version: 0.1.0
digest: sha256:9dda78a37745ef9e5db3f5ff9e4131ce54420d1d7f02ffd32fb674c963218c59
generated: "2025-12-06T14:27:03.2678123-05:00"
